// !$*UTF8*$!
{
	archiveVersion = 1;
	classes = {
	};
	objectVersion = 48;
	objects = {

/* Begin PBXBuildFile section */
		0362DE31208EDB4E0074C0D0 /* Card.swift in Sources */ = {isa = PBXBuildFile; fileRef = 0362DE30208EDB4E0074C0D0 /* Card.swift */; };
		0362DE33208EE2000074C0D0 /* CardSearchTableViewCell.swift in Sources */ = {isa = PBXBuildFile; fileRef = 0362DE32208EE2000074C0D0 /* CardSearchTableViewCell.swift */; };
		036CCB1E2053B89F0049CDC3 /* AppDelegate.swift in Sources */ = {isa = PBXBuildFile; fileRef = 036CCB1D2053B89F0049CDC3 /* AppDelegate.swift */; };
		036CCB232053B89F0049CDC3 /* Main.storyboard in Resources */ = {isa = PBXBuildFile; fileRef = 036CCB212053B89F0049CDC3 /* Main.storyboard */; };
		036CCB252053B89F0049CDC3 /* Assets.xcassets in Resources */ = {isa = PBXBuildFile; fileRef = 036CCB242053B89F0049CDC3 /* Assets.xcassets */; };
		036CCB282053B89F0049CDC3 /* LaunchScreen.storyboard in Resources */ = {isa = PBXBuildFile; fileRef = 036CCB262053B89F0049CDC3 /* LaunchScreen.storyboard */; };
		0370C290205466D400210B0C /* LifeViewController.swift in Sources */ = {isa = PBXBuildFile; fileRef = 0370C28F205466D400210B0C /* LifeViewController.swift */; };
		0370C2992054712300210B0C /* LifeCell.swift in Sources */ = {isa = PBXBuildFile; fileRef = 0370C2982054712300210B0C /* LifeCell.swift */; };
		0370C29D205485A500210B0C /* PoisonCell.swift in Sources */ = {isa = PBXBuildFile; fileRef = 0370C29C205485A500210B0C /* PoisonCell.swift */; };
		0370C29F205498BF00210B0C /* MyTableHeader.swift in Sources */ = {isa = PBXBuildFile; fileRef = 0370C29E205498BF00210B0C /* MyTableHeader.swift */; };
		03A1C45A20603FFA00E6D2DA /* NotesEditorViewController.swift in Sources */ = {isa = PBXBuildFile; fileRef = 03A1C45920603FFA00E6D2DA /* NotesEditorViewController.swift */; };
		03AADE6F205F78E100D883EA /* NotesViewController.swift in Sources */ = {isa = PBXBuildFile; fileRef = 03AADE6E205F78E100D883EA /* NotesViewController.swift */; };
		03AADE71205F79C400D883EA /* NoteCell.swift in Sources */ = {isa = PBXBuildFile; fileRef = 03AADE70205F79C400D883EA /* NoteCell.swift */; };
		03CE8C0320619EF400CD9A75 /* Storm.storyboard in Resources */ = {isa = PBXBuildFile; fileRef = 03CE8C0220619EF400CD9A75 /* Storm.storyboard */; };
		03DAD68C20859A72005DB7A3 /* TradesMain.storyboard in Resources */ = {isa = PBXBuildFile; fileRef = 03DAD68B20859A72005DB7A3 /* TradesMain.storyboard */; };
		03DAD68F2086EF85005DB7A3 /* Gatherer.storyboard in Resources */ = {isa = PBXBuildFile; fileRef = 03DAD68E2086EF85005DB7A3 /* Gatherer.storyboard */; };
		03DAD6912086EFA1005DB7A3 /* CardListViewController.swift in Sources */ = {isa = PBXBuildFile; fileRef = 03DAD6902086EFA1005DB7A3 /* CardListViewController.swift */; };
		03DAD6932086EFBB005DB7A3 /* TradesMainViewController.swift in Sources */ = {isa = PBXBuildFile; fileRef = 03DAD6922086EFBB005DB7A3 /* TradesMainViewController.swift */; };
		03ECDF8E205F76B3005F6C45 /* Note.storyboard in Resources */ = {isa = PBXBuildFile; fileRef = 03ECDF8D205F76B3005F6C45 /* Note.storyboard */; };
		03FD1A612065FECB00039259 /* StormViewController.swift in Sources */ = {isa = PBXBuildFile; fileRef = 03FD1A602065FECB00039259 /* StormViewController.swift */; };
/* End PBXBuildFile section */

/* Begin PBXFileReference section */
		0362DE30208EDB4E0074C0D0 /* Card.swift */ = {isa = PBXFileReference; lastKnownFileType = sourcecode.swift; path = Card.swift; sourceTree = "<group>"; };
		0362DE32208EE2000074C0D0 /* CardSearchTableViewCell.swift */ = {isa = PBXFileReference; lastKnownFileType = sourcecode.swift; path = CardSearchTableViewCell.swift; sourceTree = "<group>"; };
		036CCB1A2053B89F0049CDC3 /* LifeCounter.app */ = {isa = PBXFileReference; explicitFileType = wrapper.application; includeInIndex = 0; path = LifeCounter.app; sourceTree = BUILT_PRODUCTS_DIR; };
		036CCB1D2053B89F0049CDC3 /* AppDelegate.swift */ = {isa = PBXFileReference; lastKnownFileType = sourcecode.swift; path = AppDelegate.swift; sourceTree = "<group>"; };
		036CCB222053B89F0049CDC3 /* Base */ = {isa = PBXFileReference; lastKnownFileType = file.storyboard; name = Base; path = Base.lproj/Main.storyboard; sourceTree = "<group>"; };
		036CCB242053B89F0049CDC3 /* Assets.xcassets */ = {isa = PBXFileReference; lastKnownFileType = folder.assetcatalog; name = Assets.xcassets; path = LifeCounter/Assets.xcassets; sourceTree = SOURCE_ROOT; };
		036CCB272053B89F0049CDC3 /* Base */ = {isa = PBXFileReference; lastKnownFileType = file.storyboard; name = Base; path = Base.lproj/LaunchScreen.storyboard; sourceTree = "<group>"; };
		036CCB292053B89F0049CDC3 /* Info.plist */ = {isa = PBXFileReference; lastKnownFileType = text.plist.xml; path = Info.plist; sourceTree = "<group>"; };
		0370C28F205466D400210B0C /* LifeViewController.swift */ = {isa = PBXFileReference; lastKnownFileType = sourcecode.swift; path = LifeViewController.swift; sourceTree = "<group>"; };
		0370C2982054712300210B0C /* LifeCell.swift */ = {isa = PBXFileReference; lastKnownFileType = sourcecode.swift; path = LifeCell.swift; sourceTree = "<group>"; };
		0370C29C205485A500210B0C /* PoisonCell.swift */ = {isa = PBXFileReference; lastKnownFileType = sourcecode.swift; path = PoisonCell.swift; sourceTree = "<group>"; };
		0370C29E205498BF00210B0C /* MyTableHeader.swift */ = {isa = PBXFileReference; lastKnownFileType = sourcecode.swift; path = MyTableHeader.swift; sourceTree = "<group>"; };
		03A1C45920603FFA00E6D2DA /* NotesEditorViewController.swift */ = {isa = PBXFileReference; lastKnownFileType = sourcecode.swift; path = NotesEditorViewController.swift; sourceTree = "<group>"; };
		03AADE6E205F78E100D883EA /* NotesViewController.swift */ = {isa = PBXFileReference; lastKnownFileType = sourcecode.swift; path = NotesViewController.swift; sourceTree = "<group>"; };
		03AADE70205F79C400D883EA /* NoteCell.swift */ = {isa = PBXFileReference; lastKnownFileType = sourcecode.swift; path = NoteCell.swift; sourceTree = "<group>"; };
		03CE8C0220619EF400CD9A75 /* Storm.storyboard */ = {isa = PBXFileReference; lastKnownFileType = file.storyboard; path = Storm.storyboard; sourceTree = "<group>"; };
		03DAD68B20859A72005DB7A3 /* TradesMain.storyboard */ = {isa = PBXFileReference; lastKnownFileType = file.storyboard; path = TradesMain.storyboard; sourceTree = "<group>"; };
		03DAD68E2086EF85005DB7A3 /* Gatherer.storyboard */ = {isa = PBXFileReference; lastKnownFileType = file.storyboard; path = Gatherer.storyboard; sourceTree = "<group>"; };
		03DAD6902086EFA1005DB7A3 /* CardListViewController.swift */ = {isa = PBXFileReference; lastKnownFileType = sourcecode.swift; path = CardListViewController.swift; sourceTree = "<group>"; };
		03DAD6922086EFBB005DB7A3 /* TradesMainViewController.swift */ = {isa = PBXFileReference; lastKnownFileType = sourcecode.swift; path = TradesMainViewController.swift; sourceTree = "<group>"; };
		03ECDF8D205F76B3005F6C45 /* Note.storyboard */ = {isa = PBXFileReference; lastKnownFileType = file.storyboard; path = Note.storyboard; sourceTree = "<group>"; };
		03FD1A602065FECB00039259 /* StormViewController.swift */ = {isa = PBXFileReference; lastKnownFileType = sourcecode.swift; path = StormViewController.swift; sourceTree = "<group>"; };
/* End PBXFileReference section */

/* Begin PBXFrameworksBuildPhase section */
		036CCB172053B89F0049CDC3 /* Frameworks */ = {
			isa = PBXFrameworksBuildPhase;
			buildActionMask = 2147483647;
			files = (
			);
			runOnlyForDeploymentPostprocessing = 0;
		};
/* End PBXFrameworksBuildPhase section */

/* Begin PBXGroup section */
		036CCB112053B89F0049CDC3 = {
			isa = PBXGroup;
			children = (
				036CCB1C2053B89F0049CDC3 /* LifeCounter */,
				036CCB1B2053B89F0049CDC3 /* Products */,
			);
			sourceTree = "<group>";
		};
		036CCB1B2053B89F0049CDC3 /* Products */ = {
			isa = PBXGroup;
			children = (
				036CCB1A2053B89F0049CDC3 /* LifeCounter.app */,
			);
			name = Products;
			sourceTree = "<group>";
		};
		036CCB1C2053B89F0049CDC3 /* LifeCounter */ = {
			isa = PBXGroup;
			children = (
				03DAD68A20859A47005DB7A3 /* Trades */,
				0370C2922054670600210B0C /* NoteView */,
				0370C291205466DA00210B0C /* Lifeview */,
				036CCB1D2053B89F0049CDC3 /* AppDelegate.swift */,
				036CCB242053B89F0049CDC3 /* Assets.xcassets */,
				036CCB262053B89F0049CDC3 /* LaunchScreen.storyboard */,
				036CCB292053B89F0049CDC3 /* Info.plist */,
			);
			path = LifeCounter;
			sourceTree = "<group>";
		};
		0370C291205466DA00210B0C /* Lifeview */ = {
			isa = PBXGroup;
			children = (
				03A1C45E2060CCF800E6D2DA /* Storm */,
				03A1C45B2060CBD900E6D2DA /* Poison */,
				036CCB212053B89F0049CDC3 /* Main.storyboard */,
				0370C28F205466D400210B0C /* LifeViewController.swift */,
				0370C2982054712300210B0C /* LifeCell.swift */,
				0370C29E205498BF00210B0C /* MyTableHeader.swift */,
			);
			path = Lifeview;
			sourceTree = "<group>";
		};
		0370C2922054670600210B0C /* NoteView */ = {
			isa = PBXGroup;
			children = (
				03ECDF8D205F76B3005F6C45 /* Note.storyboard */,
				03AADE6E205F78E100D883EA /* NotesViewController.swift */,
				03AADE70205F79C400D883EA /* NoteCell.swift */,
				03A1C45920603FFA00E6D2DA /* NotesEditorViewController.swift */,
			);
			path = NoteView;
			sourceTree = "<group>";
		};
		03A1C45B2060CBD900E6D2DA /* Poison */ = {
			isa = PBXGroup;
			children = (
				0370C29C205485A500210B0C /* PoisonCell.swift */,
			);
			path = Poison;
			sourceTree = "<group>";
		};
		03A1C45E2060CCF800E6D2DA /* Storm */ = {
			isa = PBXGroup;
			children = (
				03CE8C0220619EF400CD9A75 /* Storm.storyboard */,
				03FD1A602065FECB00039259 /* StormViewController.swift */,
			);
			path = Storm;
			sourceTree = "<group>";
		};
		03DAD68A20859A47005DB7A3 /* Trades */ = {
			isa = PBXGroup;
			children = (
				03DAD68B20859A72005DB7A3 /* TradesMain.storyboard */,
				03DAD6922086EFBB005DB7A3 /* TradesMainViewController.swift */,
				03DAD68D2086EF4D005DB7A3 /* Gatherer */,
			);
			path = Trades;
			sourceTree = "<group>";
		};
		03DAD68D2086EF4D005DB7A3 /* Gatherer */ = {
			isa = PBXGroup;
			children = (
				03DAD68E2086EF85005DB7A3 /* Gatherer.storyboard */,
				03DAD6902086EFA1005DB7A3 /* CardListViewController.swift */,
				0362DE30208EDB4E0074C0D0 /* Card.swift */,
				0362DE32208EE2000074C0D0 /* CardSearchTableViewCell.swift */,
			);
			path = Gatherer;
			sourceTree = "<group>";
		};
/* End PBXGroup section */

/* Begin PBXNativeTarget section */
		036CCB192053B89F0049CDC3 /* LifeCounter */ = {
			isa = PBXNativeTarget;
			buildConfigurationList = 036CCB2C2053B89F0049CDC3 /* Build configuration list for PBXNativeTarget "LifeCounter" */;
			buildPhases = (
				036CCB162053B89F0049CDC3 /* Sources */,
				036CCB172053B89F0049CDC3 /* Frameworks */,
				036CCB182053B89F0049CDC3 /* Resources */,
			);
			buildRules = (
			);
			dependencies = (
			);
			name = LifeCounter;
			productName = LifeCounter;
			productReference = 036CCB1A2053B89F0049CDC3 /* LifeCounter.app */;
			productType = "com.apple.product-type.application";
		};
/* End PBXNativeTarget section */

/* Begin PBXProject section */
		036CCB122053B89F0049CDC3 /* Project object */ = {
			isa = PBXProject;
			attributes = {
				LastSwiftUpdateCheck = 0920;
				LastUpgradeCheck = 0930;
				ORGANIZATIONNAME = "Jace Briggs";
				TargetAttributes = {
					036CCB192053B89F0049CDC3 = {
						CreatedOnToolsVersion = 9.2;
						ProvisioningStyle = Automatic;
					};
				};
			};
			buildConfigurationList = 036CCB152053B89F0049CDC3 /* Build configuration list for PBXProject "LifeCounter" */;
			compatibilityVersion = "Xcode 8.0";
			developmentRegion = en;
			hasScannedForEncodings = 0;
			knownRegions = (
				en,
				Base,
			);
			mainGroup = 036CCB112053B89F0049CDC3;
			productRefGroup = 036CCB1B2053B89F0049CDC3 /* Products */;
			projectDirPath = "";
			projectRoot = "";
			targets = (
				036CCB192053B89F0049CDC3 /* LifeCounter */,
			);
		};
/* End PBXProject section */

/* Begin PBXResourcesBuildPhase section */
		036CCB182053B89F0049CDC3 /* Resources */ = {
			isa = PBXResourcesBuildPhase;
			buildActionMask = 2147483647;
			files = (
				03DAD68F2086EF85005DB7A3 /* Gatherer.storyboard in Resources */,
				03ECDF8E205F76B3005F6C45 /* Note.storyboard in Resources */,
				036CCB282053B89F0049CDC3 /* LaunchScreen.storyboard in Resources */,
				03CE8C0320619EF400CD9A75 /* Storm.storyboard in Resources */,
				036CCB252053B89F0049CDC3 /* Assets.xcassets in Resources */,
				03DAD68C20859A72005DB7A3 /* TradesMain.storyboard in Resources */,
				036CCB232053B89F0049CDC3 /* Main.storyboard in Resources */,
			);
			runOnlyForDeploymentPostprocessing = 0;
		};
/* End PBXResourcesBuildPhase section */

/* Begin PBXSourcesBuildPhase section */
		036CCB162053B89F0049CDC3 /* Sources */ = {
			isa = PBXSourcesBuildPhase;
			buildActionMask = 2147483647;
			files = (
				03FD1A612065FECB00039259 /* StormViewController.swift in Sources */,
				03DAD6912086EFA1005DB7A3 /* CardListViewController.swift in Sources */,
				0370C290205466D400210B0C /* LifeViewController.swift in Sources */,
				03DAD6932086EFBB005DB7A3 /* TradesMainViewController.swift in Sources */,
				0370C2992054712300210B0C /* LifeCell.swift in Sources */,
				03A1C45A20603FFA00E6D2DA /* NotesEditorViewController.swift in Sources */,
				0362DE33208EE2000074C0D0 /* CardSearchTableViewCell.swift in Sources */,
				0370C29F205498BF00210B0C /* MyTableHeader.swift in Sources */,
				0362DE31208EDB4E0074C0D0 /* Card.swift in Sources */,
				03AADE6F205F78E100D883EA /* NotesViewController.swift in Sources */,
				0370C29D205485A500210B0C /* PoisonCell.swift in Sources */,
				03AADE71205F79C400D883EA /* NoteCell.swift in Sources */,
				036CCB1E2053B89F0049CDC3 /* AppDelegate.swift in Sources */,
			);
			runOnlyForDeploymentPostprocessing = 0;
		};
/* End PBXSourcesBuildPhase section */

/* Begin PBXVariantGroup section */
		036CCB212053B89F0049CDC3 /* Main.storyboard */ = {
			isa = PBXVariantGroup;
			children = (
				036CCB222053B89F0049CDC3 /* Base */,
			);
			name = Main.storyboard;
			sourceTree = "<group>";
		};
		036CCB262053B89F0049CDC3 /* LaunchScreen.storyboard */ = {
			isa = PBXVariantGroup;
			children = (
				036CCB272053B89F0049CDC3 /* Base */,
			);
			name = LaunchScreen.storyboard;
			sourceTree = "<group>";
		};
/* End PBXVariantGroup section */

/* Begin XCBuildConfiguration section */
		036CCB2A2053B89F0049CDC3 /* Debug */ = {
			isa = XCBuildConfiguration;
			buildSettings = {
				ALWAYS_SEARCH_USER_PATHS = NO;
				CLANG_ANALYZER_NONNULL = YES;
				CLANG_ANALYZER_NUMBER_OBJECT_CONVERSION = YES_AGGRESSIVE;
				CLANG_CXX_LANGUAGE_STANDARD = "gnu++14";
				CLANG_CXX_LIBRARY = "libc++";
				CLANG_ENABLE_MODULES = YES;
				CLANG_ENABLE_OBJC_ARC = YES;
				CLANG_WARN_BLOCK_CAPTURE_AUTORELEASING = YES;
				CLANG_WARN_BOOL_CONVERSION = YES;
				CLANG_WARN_COMMA = YES;
				CLANG_WARN_CONSTANT_CONVERSION = YES;
				CLANG_WARN_DEPRECATED_OBJC_IMPLEMENTATIONS = YES;
				CLANG_WARN_DIRECT_OBJC_ISA_USAGE = YES_ERROR;
				CLANG_WARN_DOCUMENTATION_COMMENTS = YES;
				CLANG_WARN_EMPTY_BODY = YES;
				CLANG_WARN_ENUM_CONVERSION = YES;
				CLANG_WARN_INFINITE_RECURSION = YES;
				CLANG_WARN_INT_CONVERSION = YES;
				CLANG_WARN_NON_LITERAL_NULL_CONVERSION = YES;
				CLANG_WARN_OBJC_IMPLICIT_RETAIN_SELF = YES;
				CLANG_WARN_OBJC_LITERAL_CONVERSION = YES;
				CLANG_WARN_OBJC_ROOT_CLASS = YES_ERROR;
				CLANG_WARN_RANGE_LOOP_ANALYSIS = YES;
				CLANG_WARN_STRICT_PROTOTYPES = YES;
				CLANG_WARN_SUSPICIOUS_MOVE = YES;
				CLANG_WARN_UNGUARDED_AVAILABILITY = YES_AGGRESSIVE;
				CLANG_WARN_UNREACHABLE_CODE = YES;
				CLANG_WARN__DUPLICATE_METHOD_MATCH = YES;
				CODE_SIGN_IDENTITY = "iPhone Developer";
				COPY_PHASE_STRIP = NO;
				DEBUG_INFORMATION_FORMAT = dwarf;
				ENABLE_STRICT_OBJC_MSGSEND = YES;
				ENABLE_TESTABILITY = YES;
				GCC_C_LANGUAGE_STANDARD = gnu11;
				GCC_DYNAMIC_NO_PIC = NO;
				GCC_NO_COMMON_BLOCKS = YES;
				GCC_OPTIMIZATION_LEVEL = 0;
				GCC_PREPROCESSOR_DEFINITIONS = (
					"DEBUG=1",
					"$(inherited)",
				);
				GCC_WARN_64_TO_32_BIT_CONVERSION = YES;
				GCC_WARN_ABOUT_RETURN_TYPE = YES_ERROR;
				GCC_WARN_UNDECLARED_SELECTOR = YES;
				GCC_WARN_UNINITIALIZED_AUTOS = YES_AGGRESSIVE;
				GCC_WARN_UNUSED_FUNCTION = YES;
				GCC_WARN_UNUSED_VARIABLE = YES;
				IPHONEOS_DEPLOYMENT_TARGET = 11.2;
				MTL_ENABLE_DEBUG_INFO = YES;
				ONLY_ACTIVE_ARCH = YES;
				SDKROOT = iphoneos;
				SWIFT_ACTIVE_COMPILATION_CONDITIONS = DEBUG;
				SWIFT_OPTIMIZATION_LEVEL = "-Onone";
			};
			name = Debug;
		};
		036CCB2B2053B89F0049CDC3 /* Release */ = {
			isa = XCBuildConfiguration;
			buildSettings = {
				ALWAYS_SEARCH_USER_PATHS = NO;
				CLANG_ANALYZER_NONNULL = YES;
				CLANG_ANALYZER_NUMBER_OBJECT_CONVERSION = YES_AGGRESSIVE;
				CLANG_CXX_LANGUAGE_STANDARD = "gnu++14";
				CLANG_CXX_LIBRARY = "libc++";
				CLANG_ENABLE_MODULES = YES;
				CLANG_ENABLE_OBJC_ARC = YES;
				CLANG_WARN_BLOCK_CAPTURE_AUTORELEASING = YES;
				CLANG_WARN_BOOL_CONVERSION = YES;
				CLANG_WARN_COMMA = YES;
				CLANG_WARN_CONSTANT_CONVERSION = YES;
				CLANG_WARN_DEPRECATED_OBJC_IMPLEMENTATIONS = YES;
				CLANG_WARN_DIRECT_OBJC_ISA_USAGE = YES_ERROR;
				CLANG_WARN_DOCUMENTATION_COMMENTS = YES;
				CLANG_WARN_EMPTY_BODY = YES;
				CLANG_WARN_ENUM_CONVERSION = YES;
				CLANG_WARN_INFINITE_RECURSION = YES;
				CLANG_WARN_INT_CONVERSION = YES;
				CLANG_WARN_NON_LITERAL_NULL_CONVERSION = YES;
				CLANG_WARN_OBJC_IMPLICIT_RETAIN_SELF = YES;
				CLANG_WARN_OBJC_LITERAL_CONVERSION = YES;
				CLANG_WARN_OBJC_ROOT_CLASS = YES_ERROR;
				CLANG_WARN_RANGE_LOOP_ANALYSIS = YES;
				CLANG_WARN_STRICT_PROTOTYPES = YES;
				CLANG_WARN_SUSPICIOUS_MOVE = YES;
				CLANG_WARN_UNGUARDED_AVAILABILITY = YES_AGGRESSIVE;
				CLANG_WARN_UNREACHABLE_CODE = YES;
				CLANG_WARN__DUPLICATE_METHOD_MATCH = YES;
				CODE_SIGN_IDENTITY = "iPhone Developer";
				COPY_PHASE_STRIP = NO;
				DEBUG_INFORMATION_FORMAT = "dwarf-with-dsym";
				ENABLE_NS_ASSERTIONS = NO;
				ENABLE_STRICT_OBJC_MSGSEND = YES;
				GCC_C_LANGUAGE_STANDARD = gnu11;
				GCC_NO_COMMON_BLOCKS = YES;
				GCC_WARN_64_TO_32_BIT_CONVERSION = YES;
				GCC_WARN_ABOUT_RETURN_TYPE = YES_ERROR;
				GCC_WARN_UNDECLARED_SELECTOR = YES;
				GCC_WARN_UNINITIALIZED_AUTOS = YES_AGGRESSIVE;
				GCC_WARN_UNUSED_FUNCTION = YES;
				GCC_WARN_UNUSED_VARIABLE = YES;
				IPHONEOS_DEPLOYMENT_TARGET = 11.2;
				MTL_ENABLE_DEBUG_INFO = NO;
				SDKROOT = iphoneos;
				SWIFT_OPTIMIZATION_LEVEL = "-Owholemodule";
				VALIDATE_PRODUCT = YES;
			};
			name = Release;
		};
		036CCB2D2053B89F0049CDC3 /* Debug */ = {
			isa = XCBuildConfiguration;
			buildSettings = {
				ASSETCATALOG_COMPILER_APPICON_NAME = AppIcon;
				CODE_SIGN_STYLE = Automatic;
				DEVELOPMENT_TEAM = RFCTCMHY2V;
				INFOPLIST_FILE = LifeCounter/Info.plist;
				LD_RUNPATH_SEARCH_PATHS = "$(inherited) @executable_path/Frameworks";
				PRODUCT_BUNDLE_IDENTIFIER = jace.LifeCounter;
				PRODUCT_NAME = "$(TARGET_NAME)";
				SWIFT_VERSION = 4.0;
				TARGETED_DEVICE_FAMILY = "1,2";
			};
			name = Debug;
		};
		036CCB2E2053B89F0049CDC3 /* Release */ = {
			isa = XCBuildConfiguration;
			buildSettings = {
				ASSETCATALOG_COMPILER_APPICON_NAME = AppIcon;
				CODE_SIGN_STYLE = Automatic;
				DEVELOPMENT_TEAM = RFCTCMHY2V;
				INFOPLIST_FILE = LifeCounter/Info.plist;
				LD_RUNPATH_SEARCH_PATHS = "$(inherited) @executable_path/Frameworks";
				PRODUCT_BUNDLE_IDENTIFIER = jace.LifeCounter;
				PRODUCT_NAME = "$(TARGET_NAME)";
				SWIFT_VERSION = 4.0;
				TARGETED_DEVICE_FAMILY = "1,2";
			};
			name = Release;
		};
/* End XCBuildConfiguration section */

/* Begin XCConfigurationList section */
		036CCB152053B89F0049CDC3 /* Build configuration list for PBXProject "LifeCounter" */ = {
			isa = XCConfigurationList;
			buildConfigurations = (
				036CCB2A2053B89F0049CDC3 /* Debug */,
				036CCB2B2053B89F0049CDC3 /* Release */,
			);
			defaultConfigurationIsVisible = 0;
			defaultConfigurationName = Release;
		};
		036CCB2C2053B89F0049CDC3 /* Build configuration list for PBXNativeTarget "LifeCounter" */ = {
			isa = XCConfigurationList;
			buildConfigurations = (
				036CCB2D2053B89F0049CDC3 /* Debug */,
				036CCB2E2053B89F0049CDC3 /* Release */,
			);
			defaultConfigurationIsVisible = 0;
			defaultConfigurationName = Release;
		};
/* End XCConfigurationList section */
	};
	rootObject = 036CCB122053B89F0049CDC3 /* Project object */;
}
